
Microsoft Visual Studio Solution File, Format Version 12.00
# Visual Studio Version 17
VisualStudioVersion = 17.4.33103.184
MinimumVisualStudioVersion = 10.0.40219.1
Project("{FAE04EC0-301F-11D3-BF4B-00C04F79EFBC}") = "Demo015", "Demo015\Demo015.csproj", "{1FEBA070-E7EF-4A98-A9C0-63C5A2AA3479}"
EndProject
Global
	GlobalSection(SolutionConfigurationPlatforms) = preSolution
		Debug|Any CPU = Debug|Any CPU
		Release|Any CPU = Release|Any CPU
	EndGlobalSection
	GlobalSection(ProjectConfigurationPlatforms) = postSolution
		{1FEBA070-E7EF-4A98-A9C0-63C5A2AA3479}.Debug|Any CPU.ActiveCfg = Debug|Any CPU
		{1FEBA070-E7EF-4A98-A9C0-63C5A2AA3479}.Debug|Any CPU.Build.0 = Debug|Any CPU
		{1FEBA070-E7EF-4A98-A9C0-63C5A2AA3479}.Release|Any CPU.ActiveCfg = Release|Any CPU
		{1FEBA070-E7EF-4A98-A9C0-63C5A2AA3479}.Release|Any CPU.Build.0 = Release|Any CPU
	EndGlobalSection
	GlobalSection(SolutionProperties) = preSolution
		HideSolutionNode = FALSE
	EndGlobalSection
	GlobalSection(ExtensibilityGlobals) = postSolution
		SolutionGuid = {DEE0426C-738E-403B-9318-62DB852445F3}
	EndGlobalSection
EndGlobal
